// !$*UTF8*$!
{
	archiveVersion = 1;
	classes = {
	};
	objectVersion = 46;
	objects = {

/* Begin PBXBuildFile section */
		3FCBDBA61D77C67500F75A0C /* main.m in Sources */ = {isa = PBXBuildFile; fileRef = 3FCBDBA51D77C67500F75A0C /* main.m */; };
		3FCBDBA91D77C67500F75A0C /* AppDelegate.m in Sources */ = {isa = PBXBuildFile; fileRef = 3FCBDBA81D77C67500F75A0C /* AppDelegate.m */; };
		3FCBDBAC1D77C67500F75A0C /* ViewController.m in Sources */ = {isa = PBXBuildFile; fileRef = 3FCBDBAB1D77C67500F75A0C /* ViewController.m */; };
		3FCBDBAF1D77C67500F75A0C /* Main.storyboard in Resources */ = {isa = PBXBuildFile; fileRef = 3FCBDBAD1D77C67500F75A0C /* Main.storyboard */; };
		3FCBDBB11D77C67500F75A0C /* Assets.xcassets in Resources */ = {isa = PBXBuildFile; fileRef = 3FCBDBB01D77C67500F75A0C /* Assets.xcassets */; };
		3FCBDBB41D77C67500F75A0C /* LaunchScreen.storyboard in Resources */ = {isa = PBXBuildFile; fileRef = 3FCBDBB21D77C67500F75A0C /* LaunchScreen.storyboard */; };
/* End PBXBuildFile section */

/* Begin PBXFileReference section */
		3FCBDBA11D77C67500F75A0C /* GITDemo.app */ = {isa = PBXFileReference; explicitFileType = wrapper.application; includeInIndex = 0; path = GITDemo.app; sourceTree = BUILT_PRODUCTS_DIR; };
		3FCBDBA51D77C67500F75A0C /* main.m */ = {isa = PBXFileReference; lastKnownFileType = sourcecode.c.objc; path = main.m; sourceTree = "<group>"; };
		3FCBDBA71D77C67500F75A0C /* AppDelegate.h */ = {isa = PBXFileReference; lastKnownFileType = sourcecode.c.h; path = AppDelegate.h; sourceTree = "<group>"; };
		3FCBDBA81D77C67500F75A0C /* AppDelegate.m */ = {isa = PBXFileReference; lastKnownFileType = sourcecode.c.objc; path = AppDelegate.m; sourceTree = "<group>"; };
		3FCBDBAA1D77C67500F75A0C /* ViewController.h */ = {isa = PBXFileReference; lastKnownFileType = sourcecode.c.h; path = ViewController.h; sourceTree = "<group>"; };
		3FCBDBAB1D77C67500F75A0C /* ViewController.m */ = {isa = PBXFileReference; lastKnownFileType = sourcecode.c.objc; path = ViewController.m; sourceTree = "<group>"; };
		3FCBDBAE1D77C67500F75A0C /* Base */ = {isa = PBXFileReference; lastKnownFileType = file.storyboard; name = Base; path = Base.lproj/Main.storyboard; sourceTree = "<group>"; };
		3FCBDBB01D77C67500F75A0C /* Assets.xcassets */ = {isa = PBXFileReference; lastKnownFileType = folder.assetcatalog; path = Assets.xcassets; sourceTree = "<group>"; };
		3FCBDBB31D77C67500F75A0C /* Base */ = {isa = PBXFileReference; lastKnownFileType = file.storyboard; name = Base; path = Base.lproj/LaunchScreen.storyboard; sourceTree = "<group>"; };
		3FCBDBB51D77C67500F75A0C /* Info.plist */ = {isa = PBXFileReference; lastKnownFileType = text.plist.xml; path = Info.plist; sourceTree = "<group>"; };
/* End PBXFileReference section */

/* Begin PBXFrameworksBuildPhase section */
		3FCBDB9E1D77C67500F75A0C /* Frameworks */ = {
			isa = PBXFrameworksBuildPhase;
			buildActionMask = 2147483647;
			files = (
			);
			runOnlyForDeploymentPostprocessing = 0;
		};
/* End PBXFrameworksBuildPhase section */

/* Begin PBXGroup section */
		3FCBDB981D77C67500F75A0C = {
			isa = PBXGroup;
			children = (
				3FCBDBA31D77C67500F75A0C /* GITDemo */,
				3FCBDBA21D77C67500F75A0C /* Products */,
			);
			sourceTree = "<group>";
		};
		3FCBDBA21D77C67500F75A0C /* Products */ = {
			isa = PBXGroup;
			children = (
				3FCBDBA11D77C67500F75A0C /* GITDemo.app */,
			);
			name = Products;
			sourceTree = "<group>";
		};
		3FCBDBA31D77C67500F75A0C /* GITDemo */ = {
			isa = PBXGroup;
			children = (
				3FCBDBA71D77C67500F75A0C /* AppDelegate.h */,
				3FCBDBA81D77C67500F75A0C /* AppDelegate.m */,
				3FCBDBAA1D77C67500F75A0C /* ViewController.h */,
				3FCBDBAB1D77C67500F75A0C /* ViewController.m */,
				3FCBDBAD1D77C67500F75A0C /* Main.storyboard */,
				3FCBDBB01D77C67500F75A0C /* Assets.xcassets */,
				3FCBDBB21D77C67500F75A0C /* LaunchScreen.storyboard */,
				3FCBDBB51D77C67500F75A0C /* Info.plist */,
				3FCBDBA41D77C67500F75A0C /* Supporting Files */,
			);
			path = GITDemo;
			sourceTree = "<group>";
		};
		3FCBDBA41D77C67500F75A0C /* Supporting Files */ = {
			isa = PBXGroup;
			children = (
				3FCBDBA51D77C67500F75A0C /* main.m */,
			);
			name = "Supporting Files";
			sourceTree = "<group>";
		};
/* End PBXGroup section */

/* Begin PBXNativeTarget section */
		3FCBDBA01D77C67500F75A0C /* GITDemo */ = {
			isa = PBXNativeTarget;
			buildConfigurationList = 3FCBDBB81D77C67500F75A0C /* Build configuration list for PBXNativeTarget "GITDemo" */;
			buildPhases = (
				3FCBDB9D1D77C67500F75A0C /* Sources */,
				3FCBDB9E1D77C67500F75A0C /* Frameworks */,
				3FCBDB9F1D77C67500F75A0C /* Resources */,
			);
			buildRules = (
			);
			dependencies = (
			);
			name = GITDemo;
			productName = GITDemo;
			productReference = 3FCBDBA11D77C67500F75A0C /* GITDemo.app */;
			productType = "com.apple.product-type.application";
		};
/* End PBXNativeTarget section */

/* Begin PBXProject section */
		3FCBDB991D77C67500F75A0C /* Project object */ = {
			isa = PBXProject;
			attributes = {
				LastUpgradeCheck = 0730;
				ORGANIZATIONNAME = student;
				TargetAttributes = {
					3FCBDBA01D77C67500F75A0C = {
						CreatedOnToolsVersion = 7.3.1;
					};
				};
			};
			buildConfigurationList = 3FCBDB9C1D77C67500F75A0C /* Build configuration list for PBXProject "GITDemo" */;
			compatibilityVersion = "Xcode 3.2";
			developmentRegion = English;
			hasScannedForEncodings = 0;
			knownRegions = (
				en,
				Base,
			);
			mainGroup = 3FCBDB981D77C67500F75A0C;
			productRefGroup = 3FCBDBA21D77C67500F75A0C /* Products */;
			projectDirPath = "";
			projectRoot = "";
			targets = (
				3FCBDBA01D77C67500F75A0C /* GITDemo */,
			);
		};
/* End PBXProject section */

/* Begin PBXResourcesBuildPhase section */
		3FCBDB9F1D77C67500F75A0C /* Resources */ = {
			isa = PBXResourcesBuildPhase;
			buildActionMask = 2147483647;
			files = (
				3FCBDBB41D77C67500F75A0C /* LaunchScreen.storyboard in Resources */,
				3FCBDBB11D77C67500F75A0C /* Assets.xcassets in Resources */,
				3FCBDBAF1D77C67500F75A0C /* Main.storyboard in Resources */,
			);
			runOnlyForDeploymentPostprocessing = 0;
		};
/* End PBXResourcesBuildPhase section */

/* Begin PBXSourcesBuildPhase section */
		3FCBDB9D1D77C67500F75A0C /* Sources */ = {
			isa = PBXSourcesBuildPhase;
			buildActionMask = 2147483647;
			files = (
				3FCBDBAC1D77C67500F75A0C /* ViewController.m in Sources */,
				3FCBDBA91D77C67500F75A0C /* AppDelegate.m in Sources */,
				3FCBDBA61D77C67500F75A0C /* main.m in Sources */,
			);
			runOnlyForDeploymentPostprocessing = 0;
		};
/* End PBXSourcesBuildPhase section */

/* Begin PBXVariantGroup section */
		3FCBDBAD1D77C67500F75A0C /* Main.storyboard */ = {
			isa = PBXVariantGroup;
			children = (
				3FCBDBAE1D77C67500F75A0C /* Base */,
			);
			name = Main.storyboard;
			sourceTree = "<group>";
		};
		3FCBDBB21D77C67500F75A0C /* LaunchScreen.storyboard */ = {
			isa = PBXVariantGroup;
			children = (
				3FCBDBB31D77C67500F75A0C /* Base */,
			);
			name = LaunchScreen.storyboard;
			sourceTree = "<group>";
		};
/* End PBXVariantGroup section */

/* Begin XCBuildConfiguration section */
		3FCBDBB61D77C67500F75A0C /* Debug */ = {
			isa = XCBuildConfiguration;
			buildSettings = {
				ALWAYS_SEARCH_USER_PATHS = NO;
				CLANG_ANALYZER_NONNULL = YES;
				CLANG_CXX_LANGUAGE_STANDARD = "gnu++0x";
				CLANG_CXX_LIBRARY = "libc++";
				CLANG_ENABLE_MODULES = YES;
				CLANG_ENABLE_OBJC_ARC = YES;
				CLANG_WARN_BOOL_CONVERSION = YES;
				CLANG_WARN_CONSTANT_CONVERSION = YES;
				CLANG_WARN_DIRECT_OBJC_ISA_USAGE = YES_ERROR;
				CLANG_WARN_EMPTY_BODY = YES;
				CLANG_WARN_ENUM_CONVERSION = YES;
				CLANG_WARN_INT_CONVERSION = YES;
				CLANG_WARN_OBJC_ROOT_CLASS = YES_ERROR;
				CLANG_WARN_UNREACHABLE_CODE = YES;
				CLANG_WARN__DUPLICATE_METHOD_MATCH = YES;
				"CODE_SIGN_IDENTITY[sdk=iphoneos*]" = "iPhone Developer";
				COPY_PHASE_STRIP = NO;
				DEBUG_INFORMATION_FORMAT = dwarf;
				ENABLE_STRICT_OBJC_MSGSEND = YES;
				ENABLE_TESTABILITY = YES;
				GCC_C_LANGUAGE_STANDARD = gnu99;
				GCC_DYNAMIC_NO_PIC = NO;
				GCC_NO_COMMON_BLOCKS = YES;
				GCC_OPTIMIZATION_LEVEL = 0;
				GCC_PREPROCESSOR_DEFINITIONS = (
					"DEBUG=1",
					"$(inherited)",
				);
				GCC_WARN_64_TO_32_BIT_CONVERSION = YES;
				GCC_WARN_ABOUT_RETURN_TYPE = YES_ERROR;
				GCC_WARN_UNDECLARED_SELECTOR = YES;
				GCC_WARN_UNINITIALIZED_AUTOS = YES_AGGRESSIVE;
				GCC_WARN_UNUSED_FUNCTION = YES;
				GCC_WARN_UNUSED_VARIABLE = YES;
				IPHONEOS_DEPLOYMENT_TARGET = 9.3;
				MTL_ENABLE_DEBUG_INFO = YES;
				ONLY_ACTIVE_ARCH = YES;
				SDKROOT = iphoneos;
			};
			name = Debug;
		};
		3FCBDBB71D77C67500F75A0C /* Release */ = {
			isa = XCBuildConfiguration;
			buildSettings = {
				ALWAYS_SEARCH_USER_PATHS = NO;
				CLANG_ANALYZER_NONNULL = YES;
				CLANG_CXX_LANGUAGE_STANDARD = "gnu++0x";
				CLANG_CXX_LIBRARY = "libc++";
				CLANG_ENABLE_MODULES = YES;
				CLANG_ENABLE_OBJC_ARC = YES;
				CLANG_WARN_BOOL_CONVERSION = YES;
				CLANG_WARN_CONSTANT_CONVERSION = YES;
				CLANG_WARN_DIRECT_OBJC_ISA_USAGE = YES_ERROR;
				CLANG_WARN_EMPTY_BODY = YES;
				CLANG_WARN_ENUM_CONVERSION = YES;
				CLANG_WARN_INT_CONVERSION = YES;
				CLANG_WARN_OBJC_ROOT_CLASS = YES_ERROR;
				CLANG_WARN_UNREACHABLE_CODE = YES;
				CLANG_WARN__DUPLICATE_METHOD_MATCH = YES;
				"CODE_SIGN_IDENTITY[sdk=iphoneos*]" = "iPhone Developer";
				COPY_PHASE_STRIP = NO;
				DEBUG_INFORMATION_FORMAT = "dwarf-with-dsym";
				ENABLE_NS_ASSERTIONS = NO;
				ENABLE_STRICT_OBJC_MSGSEND = YES;
				GCC_C_LANGUAGE_STANDARD = gnu99;
				GCC_NO_COMMON_BLOCKS = YES;
				GCC_WARN_64_TO_32_BIT_CONVERSION = YES;
				GCC_WARN_ABOUT_RETURN_TYPE = YES_ERROR;
				GCC_WARN_UNDECLARED_SELECTOR = YES;
				GCC_WARN_UNINITIALIZED_AUTOS = YES_AGGRESSIVE;
				GCC_WARN_UNUSED_FUNCTION = YES;
				GCC_WARN_UNUSED_VARIABLE = YES;
				IPHONEOS_DEPLOYMENT_TARGET = 9.3;
				MTL_ENABLE_DEBUG_INFO = NO;
				SDKROOT = iphoneos;
				VALIDATE_PRODUCT = YES;
			};
			name = Release;
		};
		3FCBDBB91D77C67500F75A0C /* Debug */ = {
			isa = XCBuildConfiguration;
			buildSettings = {
				ASSETCATALOG_COMPILER_APPICON_NAME = AppIcon;
				INFOPLIST_FILE = GITDemo/Info.plist;
				LD_RUNPATH_SEARCH_PATHS = "$(inherited) @executable_path/Frameworks";
				PRODUCT_BUNDLE_IDENTIFIER = com.GUO.GITDemo;
				PRODUCT_NAME = "$(TARGET_NAME)";
			};
			name = Debug;
		};
		3FCBDBBA1D77C67500F75A0C /* Release */ = {
			isa = XCBuildConfiguration;
			buildSettings = {
				ASSETCATALOG_COMPILER_APPICON_NAME = AppIcon;
				INFOPLIST_FILE = GITDemo/Info.plist;
				LD_RUNPATH_SEARCH_PATHS = "$(inherited) @executable_path/Frameworks";
				PRODUCT_BUNDLE_IDENTIFIER = com.GUO.GITDemo;
				PRODUCT_NAME = "$(TARGET_NAME)";
			};
			name = Release;
		};
/* End XCBuildConfiguration section */

/* Begin XCConfigurationList section */
		3FCBDB9C1D77C67500F75A0C /* Build configuration list for PBXProject "GITDemo" */ = {
			isa = XCConfigurationList;
			buildConfigurations = (
				3FCBDBB61D77C67500F75A0C /* Debug */,
				3FCBDBB71D77C67500F75A0C /* Release */,
			);
			defaultConfigurationIsVisible = 0;
			defaultConfigurationName = Release;
		};
		3FCBDBB81D77C67500F75A0C /* Build configuration list for PBXNativeTarget "GITDemo" */ = {
			isa = XCConfigurationList;
			buildConfigurations = (
				3FCBDBB91D77C67500F75A0C /* Debug */,
				3FCBDBBA1D77C67500F75A0C /* Release */,
			);
			defaultConfigurationIsVisible = 0;
		};
/* End XCConfigurationList section */
	};
	rootObject = 3FCBDB991D77C67500F75A0C /* Project object */;
}
